
Microsoft Visual Studio Solution File, Format Version 12.00
# Visual Studio Version 16
VisualStudioVersion = 16.0.31702.278
MinimumVisualStudioVersion = 10.0.40219.1
Project("{FAE04EC0-301F-11D3-BF4B-00C04F79EFBC}") = "HybridWebView.UWP", "HybridWebView.UWP\HybridWebView.UWP.csproj", "{6836DA73-93CD-410B-A304-880D25BAD08C}"
EndProject
Project("{FAE04EC0-301F-11D3-BF4B-00C04F79EFBC}") = "HybridWebView.Android", "HybridWebView.Android\HybridWebView.Android.csproj", "{41A688FD-5E35-4FC4-872B-705403B58634}"
EndProject
Project("{FAE04EC0-301F-11D3-BF4B-00C04F79EFBC}") = "HybridWebView.iOS", "HybridWebView.iOS\HybridWebView.iOS.csproj", "{A2FA8B37-6B60-4368-B4B1-6E59E7FD7EB1}"
EndProject
Project("{FAE04EC0-301F-11D3-BF4B-00C04F79EFBC}") = "HybridWebView", "HybridWebView\HybridWebView.csproj", "{A02ED203-5A59-4E10-A487-BCE5B7C3D689}"
EndProject
Global
	GlobalSection(SolutionConfigurationPlatforms) = preSolution
		Debug|Any CPU = Debug|Any CPU
		Debug|ARM = Debug|ARM
		Debug|iPhone = Debug|iPhone
		Debug|iPhoneSimulator = Debug|iPhoneSimulator
		Debug|x64 = Debug|x64
		Debug|x86 = Debug|x86
		Release|Any CPU = Release|Any CPU
		Release|ARM = Release|ARM
		Release|iPhone = Release|iPhone
		Release|iPhoneSimulator = Release|iPhoneSimulator
		Release|x64 = Release|x64
		Release|x86 = Release|x86
	EndGlobalSection
	GlobalSection(ProjectConfigurationPlatforms) = postSolution
		{6836DA73-93CD-410B-A304-880D25BAD08C}.Debug|Any CPU.ActiveCfg = Debug|x86
		{6836DA73-93CD-410B-A304-880D25BAD08C}.Debug|Any CPU.Build.0 = Debug|x86
		{6836DA73-93CD-410B-A304-880D25BAD08C}.Debug|Any CPU.Deploy.0 = Debug|x86
		{6836DA73-93CD-410B-A304-880D25BAD08C}.Debug|ARM.ActiveCfg = Debug|ARM
		{6836DA73-93CD-410B-A304-880D25BAD08C}.Debug|ARM.Build.0 = Debug|ARM
		{6836DA73-93CD-410B-A304-880D25BAD08C}.Debug|ARM.Deploy.0 = Debug|ARM
		{6836DA73-93CD-410B-A304-880D25BAD08C}.Debug|iPhone.ActiveCfg = Debug|x86
		{6836DA73-93CD-410B-A304-880D25BAD08C}.Debug|iPhone.Build.0 = Debug|x86
		{6836DA73-93CD-410B-A304-880D25BAD08C}.Debug|iPhone.Deploy.0 = Debug|x86
		{6836DA73-93CD-410B-A304-880D25BAD08C}.Debug|iPhoneSimulator.ActiveCfg = Debug|x86
		{6836DA73-93CD-410B-A304-880D25BAD08C}.Debug|iPhoneSimulator.Build.0 = Debug|x86
		{6836DA73-93CD-410B-A304-880D25BAD08C}.Debug|iPhoneSimulator.Deploy.0 = Debug|x86
		{6836DA73-93CD-410B-A304-880D25BAD08C}.Debug|x64.ActiveCfg = Debug|x64
		{6836DA73-93CD-410B-A304-880D25BAD08C}.Debug|x64.Build.0 = Debug|x64
		{6836DA73-93CD-410B-A304-880D25BAD08C}.Debug|x64.Deploy.0 = Debug|x64
		{6836DA73-93CD-410B-A304-880D25BAD08C}.Debug|x86.ActiveCfg = Debug|x86
		{6836DA73-93CD-410B-A304-880D25BAD08C}.Debug|x86.Build.0 = Debug|x86
		{6836DA73-93CD-410B-A304-880D25BAD08C}.Debug|x86.Deploy.0 = Debug|x86
		{6836DA73-93CD-410B-A304-880D25BAD08C}.Release|Any CPU.ActiveCfg = Release|x86
		{6836DA73-93CD-410B-A304-880D25BAD08C}.Release|Any CPU.Build.0 = Release|x86
		{6836DA73-93CD-410B-A304-880D25BAD08C}.Release|Any CPU.Deploy.0 = Release|x86
		{6836DA73-93CD-410B-A304-880D25BAD08C}.Release|ARM.ActiveCfg = Release|ARM
		{6836DA73-93CD-410B-A304-880D25BAD08C}.Release|ARM.Build.0 = Release|ARM
		{6836DA73-93CD-410B-A304-880D25BAD08C}.Release|ARM.Deploy.0 = Release|ARM
		{6836DA73-93CD-410B-A304-880D25BAD08C}.Release|iPhone.ActiveCfg = Release|x86
		{6836DA73-93CD-410B-A304-880D25BAD08C}.Release|iPhone.Build.0 = Release|x86
		{6836DA73-93CD-410B-A304-880D25BAD08C}.Release|iPhone.Deploy.0 = Release|x86
		{6836DA73-93CD-410B-A304-880D25BAD08C}.Release|iPhoneSimulator.ActiveCfg = Release|x86
		{6836DA73-93CD-410B-A304-880D25BAD08C}.Release|iPhoneSimulator.Build.0 = Release|x86
		{6836DA73-93CD-410B-A304-880D25BAD08C}.Release|iPhoneSimulator.Deploy.0 = Release|x86
		{6836DA73-93CD-410B-A304-880D25BAD08C}.Release|x64.ActiveCfg = Release|x64
		{6836DA73-93CD-410B-A304-880D25BAD08C}.Release|x64.Build.0 = Release|x64
		{6836DA73-93CD-410B-A304-880D25BAD08C}.Release|x64.Deploy.0 = Release|x64
		{6836DA73-93CD-410B-A304-880D25BAD08C}.Release|x86.ActiveCfg = Release|x86
		{6836DA73-93CD-410B-A304-880D25BAD08C}.Release|x86.Build.0 = Release|x86
		{6836DA73-93CD-410B-A304-880D25BAD08C}.Release|x86.Deploy.0 = Release|x86
		{41A688FD-5E35-4FC4-872B-705403B58634}.Debug|Any CPU.ActiveCfg = Debug|Any CPU
		{41A688FD-5E35-4FC4-872B-705403B58634}.Debug|Any CPU.Build.0 = Debug|Any CPU
		{41A688FD-5E35-4FC4-872B-705403B58634}.Debug|Any CPU.Deploy.0 = Debug|Any CPU
		{41A688FD-5E35-4FC4-872B-705403B58634}.Debug|ARM.ActiveCfg = Debug|Any CPU
		{41A688FD-5E35-4FC4-872B-705403B58634}.Debug|ARM.Build.0 = Debug|Any CPU
		{41A688FD-5E35-4FC4-872B-705403B58634}.Debug|ARM.Deploy.0 = Debug|Any CPU
		{41A688FD-5E35-4FC4-872B-705403B58634}.Debug|iPhone.ActiveCfg = Debug|Any CPU
		{41A688FD-5E35-4FC4-872B-705403B58634}.Debug|iPhone.Build.0 = Debug|Any CPU
		{41A688FD-5E35-4FC4-872B-705403B58634}.Debug|iPhone.Deploy.0 = Debug|Any CPU
		{41A688FD-5E35-4FC4-872B-705403B58634}.Debug|iPhoneSimulator.ActiveCfg = Debug|Any CPU
		{41A688FD-5E35-4FC4-872B-705403B58634}.Debug|iPhoneSimulator.Build.0 = Debug|Any CPU
		{41A688FD-5E35-4FC4-872B-705403B58634}.Debug|iPhoneSimulator.Deploy.0 = Debug|Any CPU
		{41A688FD-5E35-4FC4-872B-705403B58634}.Debug|x64.ActiveCfg = Debug|Any CPU
		{41A688FD-5E35-4FC4-872B-705403B58634}.Debug|x64.Build.0 = Debug|Any CPU
		{41A688FD-5E35-4FC4-872B-705403B58634}.Debug|x64.Deploy.0 = Debug|Any CPU
		{41A688FD-5E35-4FC4-872B-705403B58634}.Debug|x86.ActiveCfg = Debug|Any CPU
		{41A688FD-5E35-4FC4-872B-705403B58634}.Debug|x86.Build.0 = Debug|Any CPU
		{41A688FD-5E35-4FC4-872B-705403B58634}.Debug|x86.Deploy.0 = Debug|Any CPU
		{41A688FD-5E35-4FC4-872B-705403B58634}.Release|Any CPU.ActiveCfg = Release|Any CPU
		{41A688FD-5E35-4FC4-872B-705403B58634}.Release|Any CPU.Build.0 = Release|Any CPU
		{41A688FD-5E35-4FC4-872B-705403B58634}.Release|Any CPU.Deploy.0 = Release|Any CPU
		{41A688FD-5E35-4FC4-872B-705403B58634}.Release|ARM.ActiveCfg = Release|Any CPU
		{41A688FD-5E35-4FC4-872B-705403B58634}.Release|ARM.Build.0 = Release|Any CPU
		{41A688FD-5E35-4FC4-872B-705403B58634}.Release|ARM.Deploy.0 = Release|Any CPU
		{41A688FD-5E35-4FC4-872B-705403B58634}.Release|iPhone.ActiveCfg = Release|Any CPU
		{41A688FD-5E35-4FC4-872B-705403B58634}.Release|iPhone.Build.0 = Release|Any CPU
		{41A688FD-5E35-4FC4-872B-705403B58634}.Release|iPhone.Deploy.0 = Release|Any CPU
		{41A688FD-5E35-4FC4-872B-705403B58634}.Release|iPhoneSimulator.ActiveCfg = Release|Any CPU
		{41A688FD-5E35-4FC4-872B-705403B58634}.Release|iPhoneSimulator.Build.0 = Release|Any CPU
		{41A688FD-5E35-4FC4-872B-705403B58634}.Release|iPhoneSimulator.Deploy.0 = Release|Any CPU
		{41A688FD-5E35-4FC4-872B-705403B58634}.Release|x64.ActiveCfg = Release|Any CPU
		{41A688FD-5E35-4FC4-872B-705403B58634}.Release|x64.Build.0 = Release|Any CPU
		{41A688FD-5E35-4FC4-872B-705403B58634}.Release|x64.Deploy.0 = Release|Any CPU
		{41A688FD-5E35-4FC4-872B-705403B58634}.Release|x86.ActiveCfg = Release|Any CPU
		{41A688FD-5E35-4FC4-872B-705403B58634}.Release|x86.Build.0 = Release|Any CPU
		{41A688FD-5E35-4FC4-872B-705403B58634}.Release|x86.Deploy.0 = Release|Any CPU
		{A2FA8B37-6B60-4368-B4B1-6E59E7FD7EB1}.Debug|Any CPU.ActiveCfg = Debug|iPhoneSimulator
		{A2FA8B37-6B60-4368-B4B1-6E59E7FD7EB1}.Debug|Any CPU.Build.0 = Debug|iPhoneSimulator
		{A2FA8B37-6B60-4368-B4B1-6E59E7FD7EB1}.Debug|Any CPU.Deploy.0 = Debug|iPhoneSimulator
		{A2FA8B37-6B60-4368-B4B1-6E59E7FD7EB1}.Debug|ARM.ActiveCfg = Debug|iPhone
		{A2FA8B37-6B60-4368-B4B1-6E59E7FD7EB1}.Debug|ARM.Build.0 = Debug|iPhone
		{A2FA8B37-6B60-4368-B4B1-6E59E7FD7EB1}.Debug|ARM.Deploy.0 = Debug|iPhone
		{A2FA8B37-6B60-4368-B4B1-6E59E7FD7EB1}.Debug|iPhone.ActiveCfg = Debug|iPhone
		{A2FA8B37-6B60-4368-B4B1-6E59E7FD7EB1}.Debug|iPhone.Build.0 = Debug|iPhone
		{A2FA8B37-6B60-4368-B4B1-6E59E7FD7EB1}.Debug|iPhone.Deploy.0 = Debug|iPhone
		{A2FA8B37-6B60-4368-B4B1-6E59E7FD7EB1}.Debug|iPhoneSimulator.ActiveCfg = Debug|iPhoneSimulator
		{A2FA8B37-6B60-4368-B4B1-6E59E7FD7EB1}.Debug|iPhoneSimulator.Build.0 = Debug|iPhoneSimulator
		{A2FA8B37-6B60-4368-B4B1-6E59E7FD7EB1}.Debug|iPhoneSimulator.Deploy.0 = Debug|iPhoneSimulator
		{A2FA8B37-6B60-4368-B4B1-6E59E7FD7EB1}.Debug|x64.ActiveCfg = Debug|iPhoneSimulator
		{A2FA8B37-6B60-4368-B4B1-6E59E7FD7EB1}.Debug|x64.Build.0 = Debug|iPhoneSimulator
		{A2FA8B37-6B60-4368-B4B1-6E59E7FD7EB1}.Debug|x64.Deploy.0 = Debug|iPhoneSimulator
		{A2FA8B37-6B60-4368-B4B1-6E59E7FD7EB1}.Debug|x86.ActiveCfg = Debug|iPhoneSimulator
		{A2FA8B37-6B60-4368-B4B1-6E59E7FD7EB1}.Debug|x86.Build.0 = Debug|iPhoneSimulator
		{A2FA8B37-6B60-4368-B4B1-6E59E7FD7EB1}.Debug|x86.Deploy.0 = Debug|iPhoneSimulator
		{A2FA8B37-6B60-4368-B4B1-6E59E7FD7EB1}.Release|Any CPU.ActiveCfg = Release|iPhoneSimulator
		{A2FA8B37-6B60-4368-B4B1-6E59E7FD7EB1}.Release|Any CPU.Build.0 = Release|iPhoneSimulator
		{A2FA8B37-6B60-4368-B4B1-6E59E7FD7EB1}.Release|Any CPU.Deploy.0 = Release|iPhoneSimulator
		{A2FA8B37-6B60-4368-B4B1-6E59E7FD7EB1}.Release|ARM.ActiveCfg = Release|iPhoneSimulator
		{A2FA8B37-6B60-4368-B4B1-6E59E7FD7EB1}.Release|ARM.Build.0 = Release|iPhoneSimulator
		{A2FA8B37-6B60-4368-B4B1-6E59E7FD7EB1}.Release|ARM.Deploy.0 = Release|iPhoneSimulator
		{A2FA8B37-6B60-4368-B4B1-6E59E7FD7EB1}.Release|iPhone.ActiveCfg = Release|iPhone
		{A2FA8B37-6B60-4368-B4B1-6E59E7FD7EB1}.Release|iPhone.Build.0 = Release|iPhone
		{A2FA8B37-6B60-4368-B4B1-6E59E7FD7EB1}.Release|iPhone.Deploy.0 = Release|iPhone
		{A2FA8B37-6B60-4368-B4B1-6E59E7FD7EB1}.Release|iPhoneSimulator.ActiveCfg = Release|iPhoneSimulator
		{A2FA8B37-6B60-4368-B4B1-6E59E7FD7EB1}.Release|iPhoneSimulator.Build.0 = Release|iPhoneSimulator
		{A2FA8B37-6B60-4368-B4B1-6E59E7FD7EB1}.Release|iPhoneSimulator.Deploy.0 = Release|iPhoneSimulator
		{A2FA8B37-6B60-4368-B4B1-6E59E7FD7EB1}.Release|x64.ActiveCfg = Release|iPhoneSimulator
		{A2FA8B37-6B60-4368-B4B1-6E59E7FD7EB1}.Release|x64.Build.0 = Release|iPhoneSimulator
		{A2FA8B37-6B60-4368-B4B1-6E59E7FD7EB1}.Release|x64.Deploy.0 = Release|iPhoneSimulator
		{A2FA8B37-6B60-4368-B4B1-6E59E7FD7EB1}.Release|x86.ActiveCfg = Release|iPhoneSimulator
		{A2FA8B37-6B60-4368-B4B1-6E59E7FD7EB1}.Release|x86.Build.0 = Release|iPhoneSimulator
		{A2FA8B37-6B60-4368-B4B1-6E59E7FD7EB1}.Release|x86.Deploy.0 = Release|iPhoneSimulator
		{A02ED203-5A59-4E10-A487-BCE5B7C3D689}.Debug|Any CPU.ActiveCfg = Debug|Any CPU
		{A02ED203-5A59-4E10-A487-BCE5B7C3D689}.Debug|Any CPU.Build.0 = Debug|Any CPU
		{A02ED203-5A59-4E10-A487-BCE5B7C3D689}.Debug|Any CPU.Deploy.0 = Debug|Any CPU
		{A02ED203-5A59-4E10-A487-BCE5B7C3D689}.Debug|ARM.ActiveCfg = Debug|Any CPU
		{A02ED203-5A59-4E10-A487-BCE5B7C3D689}.Debug|ARM.Build.0 = Debug|Any CPU
		{A02ED203-5A59-4E10-A487-BCE5B7C3D689}.Debug|ARM.Deploy.0 = Debug|Any CPU
		{A02ED203-5A59-4E10-A487-BCE5B7C3D689}.Debug|iPhone.ActiveCfg = Debug|Any CPU
		{A02ED203-5A59-4E10-A487-BCE5B7C3D689}.Debug|iPhone.Build.0 = Debug|Any CPU
		{A02ED203-5A59-4E10-A487-BCE5B7C3D689}.Debug|iPhone.Deploy.0 = Debug|Any CPU
		{A02ED203-5A59-4E10-A487-BCE5B7C3D689}.Debug|iPhoneSimulator.ActiveCfg = Debug|Any CPU
		{A02ED203-5A59-4E10-A487-BCE5B7C3D689}.Debug|iPhoneSimulator.Build.0 = Debug|Any CPU
		{A02ED203-5A59-4E10-A487-BCE5B7C3D689}.Debug|iPhoneSimulator.Deploy.0 = Debug|Any CPU
		{A02ED203-5A59-4E10-A487-BCE5B7C3D689}.Debug|x64.ActiveCfg = Debug|Any CPU
		{A02ED203-5A59-4E10-A487-BCE5B7C3D689}.Debug|x64.Build.0 = Debug|Any CPU
		{A02ED203-5A59-4E10-A487-BCE5B7C3D689}.Debug|x64.Deploy.0 = Debug|Any CPU
		{A02ED203-5A59-4E10-A487-BCE5B7C3D689}.Debug|x86.ActiveCfg = Debug|Any CPU
		{A02ED203-5A59-4E10-A487-BCE5B7C3D689}.Debug|x86.Build.0 = Debug|Any CPU
		{A02ED203-5A59-4E10-A487-BCE5B7C3D689}.Debug|x86.Deploy.0 = Debug|Any CPU
		{A02ED203-5A59-4E10-A487-BCE5B7C3D689}.Release|Any CPU.ActiveCfg = Release|Any CPU
		{A02ED203-5A59-4E10-A487-BCE5B7C3D689}.Release|Any CPU.Build.0 = Release|Any CPU
		{A02ED203-5A59-4E10-A487-BCE5B7C3D689}.Release|Any CPU.Deploy.0 = Release|Any CPU
		{A02ED203-5A59-4E10-A487-BCE5B7C3D689}.Release|ARM.ActiveCfg = Release|Any CPU
		{A02ED203-5A59-4E10-A487-BCE5B7C3D689}.Release|ARM.Build.0 = Release|Any CPU
		{A02ED203-5A59-4E10-A487-BCE5B7C3D689}.Release|ARM.Deploy.0 = Release|Any CPU
		{A02ED203-5A59-4E10-A487-BCE5B7C3D689}.Release|iPhone.ActiveCfg = Release|Any CPU
		{A02ED203-5A59-4E10-A487-BCE5B7C3D689}.Release|iPhone.Build.0 = Release|Any CPU
		{A02ED203-5A59-4E10-A487-BCE5B7C3D689}.Release|iPhone.Deploy.0 = Release|Any CPU
		{A02ED203-5A59-4E10-A487-BCE5B7C3D689}.Release|iPhoneSimulator.ActiveCfg = Release|Any CPU
		{A02ED203-5A59-4E10-A487-BCE5B7C3D689}.Release|iPhoneSimulator.Build.0 = Release|Any CPU
		{A02ED203-5A59-4E10-A487-BCE5B7C3D689}.Release|iPhoneSimulator.Deploy.0 = Release|Any CPU
		{A02ED203-5A59-4E10-A487-BCE5B7C3D689}.Release|x64.ActiveCfg = Release|Any CPU
		{A02ED203-5A59-4E10-A487-BCE5B7C3D689}.Release|x64.Build.0 = Release|Any CPU
		{A02ED203-5A59-4E10-A487-BCE5B7C3D689}.Release|x64.Deploy.0 = Release|Any CPU
		{A02ED203-5A59-4E10-A487-BCE5B7C3D689}.Release|x86.ActiveCfg = Release|Any CPU
		{A02ED203-5A59-4E10-A487-BCE5B7C3D689}.Release|x86.Build.0 = Release|Any CPU
		{A02ED203-5A59-4E10-A487-BCE5B7C3D689}.Release|x86.Deploy.0 = Release|Any CPU
	EndGlobalSection
	GlobalSection(SolutionProperties) = preSolution
		HideSolutionNode = FALSE
	EndGlobalSection
	GlobalSection(ExtensibilityGlobals) = postSolution
		SolutionGuid = {F89F65CA-A3AF-4903-9AB0-2A2336D4A41A}
	EndGlobalSection
EndGlobal
